
Microsoft Visual Studio Solution File, Format Version 12.00
# Visual Studio Version 17
VisualStudioVersion = 17.13.35828.75 d17.13
MinimumVisualStudioVersion = 10.0.40219.1
Project("{FAE04EC0-301F-11D3-BF4B-00C04F79EFBC}") = "TALLER # 5", "TALLER # 5\TALLER # 5.csproj", "{F69B4C49-3302-46D2-973D-0B621F70F00E}"
EndProject
Global
	GlobalSection(SolutionConfigurationPlatforms) = preSolution
		Debug|Any CPU = Debug|Any CPU
		Release|Any CPU = Release|Any CPU
	EndGlobalSection
	GlobalSection(ProjectConfigurationPlatforms) = postSolution
		{F69B4C49-3302-46D2-973D-0B621F70F00E}.Debug|Any CPU.ActiveCfg = Debug|Any CPU
		{F69B4C49-3302-46D2-973D-0B621F70F00E}.Debug|Any CPU.Build.0 = Debug|Any CPU
		{F69B4C49-3302-46D2-973D-0B621F70F00E}.Release|Any CPU.ActiveCfg = Release|Any CPU
		{F69B4C49-3302-46D2-973D-0B621F70F00E}.Release|Any CPU.Build.0 = Release|Any CPU
	EndGlobalSection
	GlobalSection(SolutionProperties) = preSolution
		HideSolutionNode = FALSE
	EndGlobalSection
	GlobalSection(ExtensibilityGlobals) = postSolution
		SolutionGuid = {019A753F-A711-4B9E-945E-286229EE5696}
	EndGlobalSection
EndGlobal
